
Microsoft Visual Studio Solution File, Format Version 12.00
# Visual Studio Version 17
VisualStudioVersion = 17.5.33502.453
MinimumVisualStudioVersion = 10.0.40219.1
Project("{9A19103F-16F7-4668-BE54-9A1E7A4F7556}") = "ChatbotService", "ChatbotService.csproj", "{8FB126AE-887D-4061-A07F-C66D5D1643BD}"
EndProject
Project("{FAE04EC0-301F-11D3-BF4B-00C04F79EFBC}") = "Bot", "..\Bot\Bot.csproj", "{AAF887FE-CF3C-4298-8B62-7EE06533C410}"
EndProject
Global
	GlobalSection(SolutionConfigurationPlatforms) = preSolution
		Debug|Any CPU = Debug|Any CPU
		Release|Any CPU = Release|Any CPU
	EndGlobalSection
	GlobalSection(ProjectConfigurationPlatforms) = postSolution
		{8FB126AE-887D-4061-A07F-C66D5D1643BD}.Debug|Any CPU.ActiveCfg = Debug|Any CPU
		{8FB126AE-887D-4061-A07F-C66D5D1643BD}.Debug|Any CPU.Build.0 = Debug|Any CPU
		{8FB126AE-887D-4061-A07F-C66D5D1643BD}.Release|Any CPU.ActiveCfg = Release|Any CPU
		{8FB126AE-887D-4061-A07F-C66D5D1643BD}.Release|Any CPU.Build.0 = Release|Any CPU
		{AAF887FE-CF3C-4298-8B62-7EE06533C410}.Debug|Any CPU.ActiveCfg = Debug|Any CPU
		{AAF887FE-CF3C-4298-8B62-7EE06533C410}.Debug|Any CPU.Build.0 = Debug|Any CPU
		{AAF887FE-CF3C-4298-8B62-7EE06533C410}.Release|Any CPU.ActiveCfg = Release|Any CPU
		{AAF887FE-CF3C-4298-8B62-7EE06533C410}.Release|Any CPU.Build.0 = Release|Any CPU
	EndGlobalSection
	GlobalSection(SolutionProperties) = preSolution
		HideSolutionNode = FALSE
	EndGlobalSection
	GlobalSection(ExtensibilityGlobals) = postSolution
		SolutionGuid = {FE9D4FCA-1A1A-43FA-B03B-2B539BA60754}
	EndGlobalSection
EndGlobal
