
Microsoft Visual Studio Solution File, Format Version 12.00
# Visual Studio Version 17
VisualStudioVersion = 17.5.33502.453
MinimumVisualStudioVersion = 10.0.40219.1
Project("{9A19103F-16F7-4668-BE54-9A1E7A4F7556}") = "AppService", "AppService.csproj", "{B26C4E5A-56EB-4059-97C8-98E67D2E07FF}"
EndProject
Project("{FAE04EC0-301F-11D3-BF4B-00C04F79EFBC}") = "SentimentAnalysis", "..\SentimentAnalysis\SentimentAnalysis.csproj", "{A241981B-4140-4C8A-AD4A-4C1209BCA855}"
EndProject
Global
	GlobalSection(SolutionConfigurationPlatforms) = preSolution
		Debug|Any CPU = Debug|Any CPU
		Release|Any CPU = Release|Any CPU
	EndGlobalSection
	GlobalSection(ProjectConfigurationPlatforms) = postSolution
		{B26C4E5A-56EB-4059-97C8-98E67D2E07FF}.Debug|Any CPU.ActiveCfg = Debug|Any CPU
		{B26C4E5A-56EB-4059-97C8-98E67D2E07FF}.Debug|Any CPU.Build.0 = Debug|Any CPU
		{B26C4E5A-56EB-4059-97C8-98E67D2E07FF}.Release|Any CPU.ActiveCfg = Release|Any CPU
		{B26C4E5A-56EB-4059-97C8-98E67D2E07FF}.Release|Any CPU.Build.0 = Release|Any CPU
		{A241981B-4140-4C8A-AD4A-4C1209BCA855}.Debug|Any CPU.ActiveCfg = Debug|Any CPU
		{A241981B-4140-4C8A-AD4A-4C1209BCA855}.Debug|Any CPU.Build.0 = Debug|Any CPU
		{A241981B-4140-4C8A-AD4A-4C1209BCA855}.Release|Any CPU.ActiveCfg = Release|Any CPU
		{A241981B-4140-4C8A-AD4A-4C1209BCA855}.Release|Any CPU.Build.0 = Release|Any CPU
	EndGlobalSection
	GlobalSection(SolutionProperties) = preSolution
		HideSolutionNode = FALSE
	EndGlobalSection
	GlobalSection(ExtensibilityGlobals) = postSolution
		SolutionGuid = {0080BCF3-7DF0-40C2-B6F8-7155723D2A1A}
	EndGlobalSection
EndGlobal
